
Microsoft Visual Studio Solution File, Format Version 12.00
# Visual Studio Version 16
VisualStudioVersion = 16.0.28729.10
MinimumVisualStudioVersion = 10.0.40219.1
Project("{9A19103F-16F7-4668-BE54-9A1E7A4F7556}") = "ThunderDownUnder", "ThunderDownUnder\ThunderDownUnder.csproj", "{2F427C36-F7B8-4582-8753-D598D7EAB7CF}"
EndProject
Project("{9A19103F-16F7-4668-BE54-9A1E7A4F7556}") = "SolidIceWall", "SolidIceWall\SolidIceWall.csproj", "{F32C589C-814B-4E29-B3F7-9E5250B023AF}"
EndProject
Project("{9A19103F-16F7-4668-BE54-9A1E7A4F7556}") = "ImprovedCommando", "BetterCommando\ImprovedCommando.csproj", "{884D36E6-4DAC-487F-B207-1F129819AD8B}"
EndProject
Project("{FAE04EC0-301F-11D3-BF4B-00C04F79EFBC}") = "ImprovedArtificer", "ImprovedArtificer\ImprovedArtificer.csproj", "{4EB6B51C-788C-4AC3-AC87-A97A6AAF069C}"
EndProject
Global
	GlobalSection(SolutionConfigurationPlatforms) = preSolution
		Debug|Any CPU = Debug|Any CPU
		Release|Any CPU = Release|Any CPU
	EndGlobalSection
	GlobalSection(ProjectConfigurationPlatforms) = postSolution
		{2F427C36-F7B8-4582-8753-D598D7EAB7CF}.Debug|Any CPU.ActiveCfg = Debug|Any CPU
		{2F427C36-F7B8-4582-8753-D598D7EAB7CF}.Debug|Any CPU.Build.0 = Debug|Any CPU
		{2F427C36-F7B8-4582-8753-D598D7EAB7CF}.Release|Any CPU.ActiveCfg = Release|Any CPU
		{2F427C36-F7B8-4582-8753-D598D7EAB7CF}.Release|Any CPU.Build.0 = Release|Any CPU
		{F32C589C-814B-4E29-B3F7-9E5250B023AF}.Debug|Any CPU.ActiveCfg = Debug|Any CPU
		{F32C589C-814B-4E29-B3F7-9E5250B023AF}.Debug|Any CPU.Build.0 = Debug|Any CPU
		{F32C589C-814B-4E29-B3F7-9E5250B023AF}.Release|Any CPU.ActiveCfg = Release|Any CPU
		{F32C589C-814B-4E29-B3F7-9E5250B023AF}.Release|Any CPU.Build.0 = Release|Any CPU
		{884D36E6-4DAC-487F-B207-1F129819AD8B}.Debug|Any CPU.ActiveCfg = Debug|Any CPU
		{884D36E6-4DAC-487F-B207-1F129819AD8B}.Debug|Any CPU.Build.0 = Debug|Any CPU
		{884D36E6-4DAC-487F-B207-1F129819AD8B}.Release|Any CPU.ActiveCfg = Release|Any CPU
		{884D36E6-4DAC-487F-B207-1F129819AD8B}.Release|Any CPU.Build.0 = Release|Any CPU
		{4EB6B51C-788C-4AC3-AC87-A97A6AAF069C}.Debug|Any CPU.ActiveCfg = Debug|Any CPU
		{4EB6B51C-788C-4AC3-AC87-A97A6AAF069C}.Debug|Any CPU.Build.0 = Debug|Any CPU
		{4EB6B51C-788C-4AC3-AC87-A97A6AAF069C}.Release|Any CPU.ActiveCfg = Release|Any CPU
		{4EB6B51C-788C-4AC3-AC87-A97A6AAF069C}.Release|Any CPU.Build.0 = Release|Any CPU
	EndGlobalSection
	GlobalSection(SolutionProperties) = preSolution
		HideSolutionNode = FALSE
	EndGlobalSection
	GlobalSection(ExtensibilityGlobals) = postSolution
		SolutionGuid = {17621B8F-7D20-4A3C-AC89-51C8EF800D70}
	EndGlobalSection
EndGlobal
